
Microsoft Visual Studio Solution File, Format Version 12.00
# Visual Studio Version 17
VisualStudioVersion = 17.10.35004.147
MinimumVisualStudioVersion = 10.0.40219.1
Project("{9A19103F-16F7-4668-BE54-9A1E7A4F7556}") = "SMS.Domain", "SMS.Domain\SMS.Domain.csproj", "{390A9854-2EE5-4C0D-897B-AF4940F878A3}"
EndProject
Project("{9A19103F-16F7-4668-BE54-9A1E7A4F7556}") = "SMS.Common", "SMS.Common\SMS.Common.csproj", "{CE7EE09F-EFEB-4411-BD47-4D959A8527F5}"
EndProject
Project("{9A19103F-16F7-4668-BE54-9A1E7A4F7556}") = "SMS.API", "SMS.API\SMS.API.csproj", "{899D6598-7857-4118-807F-F1103E16FE29}"
EndProject
Project("{FAE04EC0-301F-11D3-BF4B-00C04F79EFBC}") = "SMS.Service", "SMS.Service\SMS.Service.csproj", "{A72107D1-D313-4A5D-956A-6523A6ECE8AE}"
EndProject
Project("{FAE04EC0-301F-11D3-BF4B-00C04F79EFBC}") = "SMS.APIModel", "SMS.APIModel\SMS.APIModel.csproj", "{DCF1031F-FEDF-4A43-BD31-63D6958E9901}"
EndProject
Global
	GlobalSection(SolutionConfigurationPlatforms) = preSolution
		Debug|Any CPU = Debug|Any CPU
		Release|Any CPU = Release|Any CPU
	EndGlobalSection
	GlobalSection(ProjectConfigurationPlatforms) = postSolution
		{390A9854-2EE5-4C0D-897B-AF4940F878A3}.Debug|Any CPU.ActiveCfg = Debug|Any CPU
		{390A9854-2EE5-4C0D-897B-AF4940F878A3}.Debug|Any CPU.Build.0 = Debug|Any CPU
		{390A9854-2EE5-4C0D-897B-AF4940F878A3}.Release|Any CPU.ActiveCfg = Release|Any CPU
		{390A9854-2EE5-4C0D-897B-AF4940F878A3}.Release|Any CPU.Build.0 = Release|Any CPU
		{CE7EE09F-EFEB-4411-BD47-4D959A8527F5}.Debug|Any CPU.ActiveCfg = Debug|Any CPU
		{CE7EE09F-EFEB-4411-BD47-4D959A8527F5}.Debug|Any CPU.Build.0 = Debug|Any CPU
		{CE7EE09F-EFEB-4411-BD47-4D959A8527F5}.Release|Any CPU.ActiveCfg = Release|Any CPU
		{CE7EE09F-EFEB-4411-BD47-4D959A8527F5}.Release|Any CPU.Build.0 = Release|Any CPU
		{899D6598-7857-4118-807F-F1103E16FE29}.Debug|Any CPU.ActiveCfg = Debug|Any CPU
		{899D6598-7857-4118-807F-F1103E16FE29}.Debug|Any CPU.Build.0 = Debug|Any CPU
		{899D6598-7857-4118-807F-F1103E16FE29}.Release|Any CPU.ActiveCfg = Release|Any CPU
		{899D6598-7857-4118-807F-F1103E16FE29}.Release|Any CPU.Build.0 = Release|Any CPU
		{A72107D1-D313-4A5D-956A-6523A6ECE8AE}.Debug|Any CPU.ActiveCfg = Debug|Any CPU
		{A72107D1-D313-4A5D-956A-6523A6ECE8AE}.Debug|Any CPU.Build.0 = Debug|Any CPU
		{A72107D1-D313-4A5D-956A-6523A6ECE8AE}.Release|Any CPU.ActiveCfg = Release|Any CPU
		{A72107D1-D313-4A5D-956A-6523A6ECE8AE}.Release|Any CPU.Build.0 = Release|Any CPU
		{DCF1031F-FEDF-4A43-BD31-63D6958E9901}.Debug|Any CPU.ActiveCfg = Debug|Any CPU
		{DCF1031F-FEDF-4A43-BD31-63D6958E9901}.Debug|Any CPU.Build.0 = Debug|Any CPU
		{DCF1031F-FEDF-4A43-BD31-63D6958E9901}.Release|Any CPU.ActiveCfg = Release|Any CPU
		{DCF1031F-FEDF-4A43-BD31-63D6958E9901}.Release|Any CPU.Build.0 = Release|Any CPU
	EndGlobalSection
	GlobalSection(SolutionProperties) = preSolution
		HideSolutionNode = FALSE
	EndGlobalSection
	GlobalSection(ExtensibilityGlobals) = postSolution
		SolutionGuid = {B167267D-81C0-46EE-9D11-B94703726DC3}
	EndGlobalSection
EndGlobal
